{
  "name": "cycling_track",
  "version": "1.0.0",
  "lockfileVersion": 1,
  "requires": true,
  "dependencies": {
    "leaflet-polylinedecorator": {
      "version": "1.6.0",
      "resolved": "https://registry.nlark.com/leaflet-polylinedecorator/download/leaflet-polylinedecorator-1.6.0.tgz",
      "integrity": "sha1-nvef0bUwLWe3Lv6Vmo7NJVPycmY=",
      "requires": {
        "leaflet-rotatedmarker": "^0.2.0"
      }
    },
    "leaflet-rotatedmarker": {
      "version": "0.2.0",
      "resolved": "https://registry.nlark.com/leaflet-rotatedmarker/download/leaflet-rotatedmarker-0.2.0.tgz",
      "integrity": "sha1-RGf0n5jRv9VpWb2cZwUgPdJgEnc="
    },
    "prettier": {
      "version": "2.4.1",
      "resolved": "https://registry.nlark.com/prettier/download/prettier-2.4.1.tgz?cache=0&other_urls=https%3A%2F%2Fregistry.nlark.com%2Fprettier%2Fdownload%2Fprettier-2.4.1.tgz"
    }
  }
}
